
Microsoft Visual Studio Solution File, Format Version 12.00
# Visual Studio Version 17
VisualStudioVersion = 17.7.34024.191
MinimumVisualStudioVersion = 10.0.40219.1
Project("{9A19103F-16F7-4668-BE54-9A1E7A4F7556}") = "AtlyssEmotes", "AtlyssEmotes.csproj", "{B10686E5-DD1F-49AD-B30A-451AA4A11F5C}"
EndProject
Global
	GlobalSection(SolutionConfigurationPlatforms) = preSolution
		Debug|Any CPU = Debug|Any CPU
		Release|Any CPU = Release|Any CPU
	EndGlobalSection
	GlobalSection(ProjectConfigurationPlatforms) = postSolution
		{B10686E5-DD1F-49AD-B30A-451AA4A11F5C}.Debug|Any CPU.ActiveCfg = Debug|Any CPU
		{B10686E5-DD1F-49AD-B30A-451AA4A11F5C}.Debug|Any CPU.Build.0 = Debug|Any CPU
		{B10686E5-DD1F-49AD-B30A-451AA4A11F5C}.Release|Any CPU.ActiveCfg = Release|Any CPU
		{B10686E5-DD1F-49AD-B30A-451AA4A11F5C}.Release|Any CPU.Build.0 = Release|Any CPU
	EndGlobalSection
	GlobalSection(SolutionProperties) = preSolution
		HideSolutionNode = FALSE
	EndGlobalSection
	GlobalSection(ExtensibilityGlobals) = postSolution
		SolutionGuid = {1D70AB79-721F-411C-93AA-BEA065E82D3F}
	EndGlobalSection
EndGlobal
